
Microsoft Visual Studio Solution File, Format Version 12.00
# Visual Studio Version 17
VisualStudioVersion = 17.0.31903.59
MinimumVisualStudioVersion = 10.0.40219.1
Project("{2150E333-8FDC-42A3-9474-1A3956D46DE8}") = "src", "src", "{F0DAA70D-99E0-4E9E-84FE-C7EBAE256204}"
EndProject
Project("{FAE04EC0-301F-11D3-BF4B-00C04F79EFBC}") = "AuctionService", "src\AuctionService\AuctionService.csproj", "{B316651B-FD2E-4FA7-8B7F-3E6BE6B04EEE}"
EndProject
Project("{FAE04EC0-301F-11D3-BF4B-00C04F79EFBC}") = "SearchService", "src\SearchService\SearchService.csproj", "{F5A513F9-80FA-4694-8FA1-70EEFE7151BA}"
EndProject
Global
	GlobalSection(SolutionConfigurationPlatforms) = preSolution
		Debug|Any CPU = Debug|Any CPU
		Release|Any CPU = Release|Any CPU
	EndGlobalSection
	GlobalSection(SolutionProperties) = preSolution
		HideSolutionNode = FALSE
	EndGlobalSection
	GlobalSection(ProjectConfigurationPlatforms) = postSolution
		{B316651B-FD2E-4FA7-8B7F-3E6BE6B04EEE}.Debug|Any CPU.ActiveCfg = Debug|Any CPU
		{B316651B-FD2E-4FA7-8B7F-3E6BE6B04EEE}.Debug|Any CPU.Build.0 = Debug|Any CPU
		{B316651B-FD2E-4FA7-8B7F-3E6BE6B04EEE}.Release|Any CPU.ActiveCfg = Release|Any CPU
		{B316651B-FD2E-4FA7-8B7F-3E6BE6B04EEE}.Release|Any CPU.Build.0 = Release|Any CPU
		{F5A513F9-80FA-4694-8FA1-70EEFE7151BA}.Debug|Any CPU.ActiveCfg = Debug|Any CPU
		{F5A513F9-80FA-4694-8FA1-70EEFE7151BA}.Debug|Any CPU.Build.0 = Debug|Any CPU
		{F5A513F9-80FA-4694-8FA1-70EEFE7151BA}.Release|Any CPU.ActiveCfg = Release|Any CPU
		{F5A513F9-80FA-4694-8FA1-70EEFE7151BA}.Release|Any CPU.Build.0 = Release|Any CPU
	EndGlobalSection
	GlobalSection(NestedProjects) = preSolution
		{B316651B-FD2E-4FA7-8B7F-3E6BE6B04EEE} = {F0DAA70D-99E0-4E9E-84FE-C7EBAE256204}
		{F5A513F9-80FA-4694-8FA1-70EEFE7151BA} = {F0DAA70D-99E0-4E9E-84FE-C7EBAE256204}
	EndGlobalSection
EndGlobal
